
Microsoft Visual Studio Solution File, Format Version 12.00
# Visual Studio Version 17
VisualStudioVersion = 17.13.35828.75 d17.13
MinimumVisualStudioVersion = 10.0.40219.1
Project("{FAE04EC0-301F-11D3-BF4B-00C04F79EFBC}") = "FawryTask", "FawryTask\FawryTask.csproj", "{3D7C5D3F-DAFC-46C8-938C-D40CD10DAFC1}"
EndProject
Global
	GlobalSection(SolutionConfigurationPlatforms) = preSolution
		Debug|Any CPU = Debug|Any CPU
		Release|Any CPU = Release|Any CPU
	EndGlobalSection
	GlobalSection(ProjectConfigurationPlatforms) = postSolution
		{3D7C5D3F-DAFC-46C8-938C-D40CD10DAFC1}.Debug|Any CPU.ActiveCfg = Debug|Any CPU
		{3D7C5D3F-DAFC-46C8-938C-D40CD10DAFC1}.Debug|Any CPU.Build.0 = Debug|Any CPU
		{3D7C5D3F-DAFC-46C8-938C-D40CD10DAFC1}.Release|Any CPU.ActiveCfg = Release|Any CPU
		{3D7C5D3F-DAFC-46C8-938C-D40CD10DAFC1}.Release|Any CPU.Build.0 = Release|Any CPU
	EndGlobalSection
	GlobalSection(SolutionProperties) = preSolution
		HideSolutionNode = FALSE
	EndGlobalSection
	GlobalSection(ExtensibilityGlobals) = postSolution
		SolutionGuid = {00A07DA4-F4F8-427B-A9E2-F696CBA82F45}
	EndGlobalSection
EndGlobal
